// !$*UTF8*$!
{
	archiveVersion = 1;
	classes = {
	};
	objectVersion = 47;
	objects = {

/* Begin PBXBuildFile section */
		EB17AED41C25B9E0001B46EA /* NCSpriteNode.m in Sources */ = {isa = PBXBuildFile; fileRef = EB17AED31C25B9E0001B46EA /* NCSpriteNode.m */; };
		EB20BEC01C0E3A9500A63ED3 /* AppDelegate.m in Sources */ = {isa = PBXBuildFile; fileRef = EB20BEBF1C0E3A9500A63ED3 /* AppDelegate.m */; };
		EB20BEC31C0E3A9500A63ED3 /* main.m in Sources */ = {isa = PBXBuildFile; fileRef = EB20BEC21C0E3A9500A63ED3 /* main.m */; };
		EB20BEC61C0E3A9500A63ED3 /* GameScene.m in Sources */ = {isa = PBXBuildFile; fileRef = EB20BEC51C0E3A9500A63ED3 /* GameScene.m */; };
		EB20BEC81C0E3A9500A63ED3 /* GameScene.sks in Resources */ = {isa = PBXBuildFile; fileRef = EB20BEC71C0E3A9500A63ED3 /* GameScene.sks */; };
		EB20BECD1C0E3A9500A63ED3 /* MainMenu.xib in Resources */ = {isa = PBXBuildFile; fileRef = EB20BECB1C0E3A9500A63ED3 /* MainMenu.xib */; };
		EB20BED81C0E3A9500A63ED3 /* Devember2015Tests.m in Sources */ = {isa = PBXBuildFile; fileRef = EB20BED71C0E3A9500A63ED3 /* Devember2015Tests.m */; };
		EB20BEE31C0E3A9600A63ED3 /* Devember2015UITests.m in Sources */ = {isa = PBXBuildFile; fileRef = EB20BEE21C0E3A9600A63ED3 /* Devember2015UITests.m */; };
		EB20BEF51C0E437A00A63ED3 /* IsoTileMap.m in Sources */ = {isa = PBXBuildFile; fileRef = EB20BEF41C0E437A00A63ED3 /* IsoTileMap.m */; };
		EB41A7211C2B199800E0A2FE /* NCConsoleLineNode.m in Sources */ = {isa = PBXBuildFile; fileRef = EB41A7201C2B199800E0A2FE /* NCConsoleLineNode.m */; };
		EB41A7241C2B1DFA00E0A2FE /* NCConsoleNode.m in Sources */ = {isa = PBXBuildFile; fileRef = EB41A7231C2B1DFA00E0A2FE /* NCConsoleNode.m */; };
		EB4A0B4A1C12512E00D5C043 /* Assets.xcassets in Resources */ = {isa = PBXBuildFile; fileRef = EB4A0B491C12512E00D5C043 /* Assets.xcassets */; };
		EB4A0B4D1C147AB700D5C043 /* IsoTileNode.m in Sources */ = {isa = PBXBuildFile; fileRef = EB4A0B4C1C147AB700D5C043 /* IsoTileNode.m */; };
		EB4A0B501C1626F200D5C043 /* ActorSpriteNode.m in Sources */ = {isa = PBXBuildFile; fileRef = EB4A0B4F1C1626F200D5C043 /* ActorSpriteNode.m */; };
		EB4A0B541C17850000D5C043 /* IsoTile.m in Sources */ = {isa = PBXBuildFile; fileRef = EB4A0B531C17850000D5C043 /* IsoTile.m */; };
		EBF7D6171C1DE56300E7ED0F /* NCPathFinder.m in Sources */ = {isa = PBXBuildFile; fileRef = EBF7D6161C1DE56300E7ED0F /* NCPathFinder.m */; };
		EBF7D61D1C1F6AA600E7ED0F /* NCPriorityQueue.m in Sources */ = {isa = PBXBuildFile; fileRef = EBF7D61C1C1F6AA600E7ED0F /* NCPriorityQueue.m */; };
		EBF7D6231C2214E300E7ED0F /* NCPerlinNoise.m in Sources */ = {isa = PBXBuildFile; fileRef = EBF7D6221C2214E300E7ED0F /* NCPerlinNoise.m */; };
		EBF7D6271C24C29300E7ED0F /* WaterTile00.m in Sources */ = {isa = PBXBuildFile; fileRef = EBF7D6261C24C29300E7ED0F /* WaterTile00.m */; };
		EBF7D62A1C24C40900E7ED0F /* SandTile01.m in Sources */ = {isa = PBXBuildFile; fileRef = EBF7D6291C24C40900E7ED0F /* SandTile01.m */; };
		EBF7D62E1C24C55900E7ED0F /* GrassTile02.m in Sources */ = {isa = PBXBuildFile; fileRef = EBF7D62D1C24C55900E7ED0F /* GrassTile02.m */; };
		EBF7D6311C24C5F600E7ED0F /* GrassTile03.m in Sources */ = {isa = PBXBuildFile; fileRef = EBF7D6301C24C5F600E7ED0F /* GrassTile03.m */; };
		EBF7D6341C24C63800E7ED0F /* GrassyMountainTile04.m in Sources */ = {isa = PBXBuildFile; fileRef = EBF7D6331C24C63800E7ED0F /* GrassyMountainTile04.m */; };
		EBF7D6371C24C6C300E7ED0F /* RockyMountainTile05.m in Sources */ = {isa = PBXBuildFile; fileRef = EBF7D6361C24C6C300E7ED0F /* RockyMountainTile05.m */; };
		EBF7D63A1C24C75F00E7ED0F /* SnowyMountainTile06.m in Sources */ = {isa = PBXBuildFile; fileRef = EBF7D6391C24C75F00E7ED0F /* SnowyMountainTile06.m */; };
		EBF7D63F1C27059300E7ED0F /* MobSpriteNode.m in Sources */ = {isa = PBXBuildFile; fileRef = EBF7D63E1C27059300E7ED0F /* MobSpriteNode.m */; };
		EBF7D6461C2DD27800E7ED0F /* NCBodyComponent.m in Sources */ = {isa = PBXBuildFile; fileRef = EBF7D6451C2DD27800E7ED0F /* NCBodyComponent.m */; };
		EBF7D64A1C2ECAB200E7ED0F /* NCActorEntity.m in Sources */ = {isa = PBXBuildFile; fileRef = EBF7D6491C2ECAB200E7ED0F /* NCActorEntity.m */; };
		EBF7D64D1C2ED74300E7ED0F /* NCTorchComponent.m in Sources */ = {isa = PBXBuildFile; fileRef = EBF7D64C1C2ED74300E7ED0F /* NCTorchComponent.m */; };
		EBF7D6531C2EE54800E7ED0F /* NCPlayerBrainComponent.m in Sources */ = {isa = PBXBuildFile; fileRef = EBF7D6521C2EE54800E7ED0F /* NCPlayerBrainComponent.m */; };
		EBF7D6561C3001DB00E7ED0F /* NCMobBrainComponent.m in Sources */ = {isa = PBXBuildFile; fileRef = EBF7D6551C3001DB00E7ED0F /* NCMobBrainComponent.m */; };
/* End PBXBuildFile section */

/* Begin PBXContainerItemProxy section */
		EB20BED41C0E3A9500A63ED3 /* PBXContainerItemProxy */ = {
			isa = PBXContainerItemProxy;
			containerPortal = EB20BEB31C0E3A9500A63ED3 /* Project object */;
			proxyType = 1;
			remoteGlobalIDString = EB20BEBA1C0E3A9500A63ED3;
			remoteInfo = Devember2015;
		};
		EB20BEDF1C0E3A9500A63ED3 /* PBXContainerItemProxy */ = {
			isa = PBXContainerItemProxy;
			containerPortal = EB20BEB31C0E3A9500A63ED3 /* Project object */;
			proxyType = 1;
			remoteGlobalIDString = EB20BEBA1C0E3A9500A63ED3;
			remoteInfo = Devember2015;
		};
/* End PBXContainerItemProxy section */

/* Begin PBXFileReference section */
		EB17AED21C25B9E0001B46EA /* NCSpriteNode.h */ = {isa = PBXFileReference; fileEncoding = 4; lastKnownFileType = sourcecode.c.h; path = NCSpriteNode.h; sourceTree = "<group>"; };
		EB17AED31C25B9E0001B46EA /* NCSpriteNode.m */ = {isa = PBXFileReference; fileEncoding = 4; lastKnownFileType = sourcecode.c.objc; path = NCSpriteNode.m; sourceTree = "<group>"; };
		EB20BEBB1C0E3A9500A63ED3 /* Devember2015.app */ = {isa = PBXFileReference; explicitFileType = wrapper.application; includeInIndex = 0; path = Devember2015.app; sourceTree = BUILT_PRODUCTS_DIR; };
		EB20BEBE1C0E3A9500A63ED3 /* AppDelegate.h */ = {isa = PBXFileReference; lastKnownFileType = sourcecode.c.h; path = AppDelegate.h; sourceTree = "<group>"; };
		EB20BEBF1C0E3A9500A63ED3 /* AppDelegate.m */ = {isa = PBXFileReference; lastKnownFileType = sourcecode.c.objc; path = AppDelegate.m; sourceTree = "<group>"; };
		EB20BEC21C0E3A9500A63ED3 /* main.m */ = {isa = PBXFileReference; lastKnownFileType = sourcecode.c.objc; path = main.m; sourceTree = "<group>"; };
		EB20BEC41C0E3A9500A63ED3 /* GameScene.h */ = {isa = PBXFileReference; lastKnownFileType = sourcecode.c.h; path = GameScene.h; sourceTree = "<group>"; };
		EB20BEC51C0E3A9500A63ED3 /* GameScene.m */ = {isa = PBXFileReference; lastKnownFileType = sourcecode.c.objc; path = GameScene.m; sourceTree = "<group>"; };
		EB20BEC71C0E3A9500A63ED3 /* GameScene.sks */ = {isa = PBXFileReference; lastKnownFileType = file.sks; path = GameScene.sks; sourceTree = "<group>"; };
		EB20BECC1C0E3A9500A63ED3 /* Base */ = {isa = PBXFileReference; lastKnownFileType = file.xib; name = Base; path = Base.lproj/MainMenu.xib; sourceTree = "<group>"; };
		EB20BECE1C0E3A9500A63ED3 /* Info.plist */ = {isa = PBXFileReference; lastKnownFileType = text.plist.xml; path = Info.plist; sourceTree = "<group>"; };
		EB20BED31C0E3A9500A63ED3 /* Devember2015Tests.xctest */ = {isa = PBXFileReference; explicitFileType = wrapper.cfbundle; includeInIndex = 0; path = Devember2015Tests.xctest; sourceTree = BUILT_PRODUCTS_DIR; };
		EB20BED71C0E3A9500A63ED3 /* Devember2015Tests.m */ = {isa = PBXFileReference; lastKnownFileType = sourcecode.c.objc; path = Devember2015Tests.m; sourceTree = "<group>"; };
		EB20BED91C0E3A9500A63ED3 /* Info.plist */ = {isa = PBXFileReference; lastKnownFileType = text.plist.xml; path = Info.plist; sourceTree = "<group>"; };
		EB20BEDE1C0E3A9500A63ED3 /* Devember2015UITests.xctest */ = {isa = PBXFileReference; explicitFileType = wrapper.cfbundle; includeInIndex = 0; path = Devember2015UITests.xctest; sourceTree = BUILT_PRODUCTS_DIR; };
		EB20BEE21C0E3A9600A63ED3 /* Devember2015UITests.m */ = {isa = PBXFileReference; lastKnownFileType = sourcecode.c.objc; path = Devember2015UITests.m; sourceTree = "<group>"; };
		EB20BEE41C0E3A9600A63ED3 /* Info.plist */ = {isa = PBXFileReference; lastKnownFileType = text.plist.xml; path = Info.plist; sourceTree = "<group>"; };
		EB20BEF31C0E437A00A63ED3 /* IsoTileMap.h */ = {isa = PBXFileReference; fileEncoding = 4; lastKnownFileType = sourcecode.c.h; path = IsoTileMap.h; sourceTree = "<group>"; };
		EB20BEF41C0E437A00A63ED3 /* IsoTileMap.m */ = {isa = PBXFileReference; fileEncoding = 4; lastKnownFileType = sourcecode.c.objc; path = IsoTileMap.m; sourceTree = "<group>"; };
		EB41A71E1C2B138B00E0A2FE /* Actors.h */ = {isa = PBXFileReference; lastKnownFileType = sourcecode.c.h; path = Actors.h; sourceTree = "<group>"; };
		EB41A71F1C2B199800E0A2FE /* NCConsoleLineNode.h */ = {isa = PBXFileReference; fileEncoding = 4; lastKnownFileType = sourcecode.c.h; path = NCConsoleLineNode.h; sourceTree = "<group>"; };
		EB41A7201C2B199800E0A2FE /* NCConsoleLineNode.m */ = {isa = PBXFileReference; fileEncoding = 4; lastKnownFileType = sourcecode.c.objc; path = NCConsoleLineNode.m; sourceTree = "<group>"; };
		EB41A7221C2B1DFA00E0A2FE /* NCConsoleNode.h */ = {isa = PBXFileReference; fileEncoding = 4; lastKnownFileType = sourcecode.c.h; path = NCConsoleNode.h; sourceTree = "<group>"; };
		EB41A7231C2B1DFA00E0A2FE /* NCConsoleNode.m */ = {isa = PBXFileReference; fileEncoding = 4; lastKnownFileType = sourcecode.c.objc; path = NCConsoleNode.m; sourceTree = "<group>"; };
		EB4A0B491C12512E00D5C043 /* Assets.xcassets */ = {isa = PBXFileReference; lastKnownFileType = folder.assetcatalog; path = Assets.xcassets; sourceTree = "<group>"; };
		EB4A0B4B1C147AB700D5C043 /* IsoTileNode.h */ = {isa = PBXFileReference; fileEncoding = 4; lastKnownFileType = sourcecode.c.h; path = IsoTileNode.h; sourceTree = "<group>"; };
		EB4A0B4C1C147AB700D5C043 /* IsoTileNode.m */ = {isa = PBXFileReference; fileEncoding = 4; lastKnownFileType = sourcecode.c.objc; path = IsoTileNode.m; sourceTree = "<group>"; };
		EB4A0B4E1C1626F200D5C043 /* ActorSpriteNode.h */ = {isa = PBXFileReference; fileEncoding = 4; lastKnownFileType = sourcecode.c.h; path = ActorSpriteNode.h; sourceTree = "<group>"; };
		EB4A0B4F1C1626F200D5C043 /* ActorSpriteNode.m */ = {isa = PBXFileReference; fileEncoding = 4; lastKnownFileType = sourcecode.c.objc; path = ActorSpriteNode.m; sourceTree = "<group>"; };
		EB4A0B521C17850000D5C043 /* IsoTile.h */ = {isa = PBXFileReference; fileEncoding = 4; lastKnownFileType = sourcecode.c.h; path = IsoTile.h; sourceTree = "<group>"; };
		EB4A0B531C17850000D5C043 /* IsoTile.m */ = {isa = PBXFileReference; fileEncoding = 4; lastKnownFileType = sourcecode.c.objc; path = IsoTile.m; sourceTree = "<group>"; };
		EBF7D6151C1DE56300E7ED0F /* NCPathFinder.h */ = {isa = PBXFileReference; fileEncoding = 4; lastKnownFileType = sourcecode.c.h; path = NCPathFinder.h; sourceTree = "<group>"; };
		EBF7D6161C1DE56300E7ED0F /* NCPathFinder.m */ = {isa = PBXFileReference; fileEncoding = 4; lastKnownFileType = sourcecode.c.objc; path = NCPathFinder.m; sourceTree = "<group>"; };
		EBF7D61B1C1F6AA600E7ED0F /* NCPriorityQueue.h */ = {isa = PBXFileReference; fileEncoding = 4; lastKnownFileType = sourcecode.c.h; path = NCPriorityQueue.h; sourceTree = "<group>"; };
		EBF7D61C1C1F6AA600E7ED0F /* NCPriorityQueue.m */ = {isa = PBXFileReference; fileEncoding = 4; lastKnownFileType = sourcecode.c.objc; path = NCPriorityQueue.m; sourceTree = "<group>"; };
		EBF7D61E1C20BEF700E7ED0F /* NCGraphNode.h */ = {isa = PBXFileReference; fileEncoding = 4; lastKnownFileType = sourcecode.c.h; path = NCGraphNode.h; sourceTree = "<group>"; };
		EBF7D6211C2214E300E7ED0F /* NCPerlinNoise.h */ = {isa = PBXFileReference; fileEncoding = 4; lastKnownFileType = sourcecode.c.h; path = NCPerlinNoise.h; sourceTree = "<group>"; };
		EBF7D6221C2214E300E7ED0F /* NCPerlinNoise.m */ = {isa = PBXFileReference; fileEncoding = 4; lastKnownFileType = sourcecode.c.objc; path = NCPerlinNoise.m; sourceTree = "<group>"; };
		EBF7D6251C24C29300E7ED0F /* WaterTile00.h */ = {isa = PBXFileReference; fileEncoding = 4; lastKnownFileType = sourcecode.c.h; path = WaterTile00.h; sourceTree = "<group>"; };
		EBF7D6261C24C29300E7ED0F /* WaterTile00.m */ = {isa = PBXFileReference; fileEncoding = 4; lastKnownFileType = sourcecode.c.objc; path = WaterTile00.m; sourceTree = "<group>"; };
		EBF7D6281C24C40900E7ED0F /* SandTile01.h */ = {isa = PBXFileReference; fileEncoding = 4; lastKnownFileType = sourcecode.c.h; path = SandTile01.h; sourceTree = "<group>"; };
		EBF7D6291C24C40900E7ED0F /* SandTile01.m */ = {isa = PBXFileReference; fileEncoding = 4; lastKnownFileType = sourcecode.c.objc; path = SandTile01.m; sourceTree = "<group>"; };
		EBF7D62B1C24C50B00E7ED0F /* Tiles.h */ = {isa = PBXFileReference; lastKnownFileType = sourcecode.c.h; path = Tiles.h; sourceTree = "<group>"; };
		EBF7D62C1C24C55900E7ED0F /* GrassTile02.h */ = {isa = PBXFileReference; fileEncoding = 4; lastKnownFileType = sourcecode.c.h; path = GrassTile02.h; sourceTree = "<group>"; };
		EBF7D62D1C24C55900E7ED0F /* GrassTile02.m */ = {isa = PBXFileReference; fileEncoding = 4; lastKnownFileType = sourcecode.c.objc; path = GrassTile02.m; sourceTree = "<group>"; };
		EBF7D62F1C24C5F600E7ED0F /* GrassTile03.h */ = {isa = PBXFileReference; fileEncoding = 4; lastKnownFileType = sourcecode.c.h; path = GrassTile03.h; sourceTree = "<group>"; };
		EBF7D6301C24C5F600E7ED0F /* GrassTile03.m */ = {isa = PBXFileReference; fileEncoding = 4; lastKnownFileType = sourcecode.c.objc; path = GrassTile03.m; sourceTree = "<group>"; };
		EBF7D6321C24C63800E7ED0F /* GrassyMountainTile04.h */ = {isa = PBXFileReference; fileEncoding = 4; lastKnownFileType = sourcecode.c.h; path = GrassyMountainTile04.h; sourceTree = "<group>"; };
		EBF7D6331C24C63800E7ED0F /* GrassyMountainTile04.m */ = {isa = PBXFileReference; fileEncoding = 4; lastKnownFileType = sourcecode.c.objc; path = GrassyMountainTile04.m; sourceTree = "<group>"; };
		EBF7D6351C24C6C300E7ED0F /* RockyMountainTile05.h */ = {isa = PBXFileReference; fileEncoding = 4; lastKnownFileType = sourcecode.c.h; path = RockyMountainTile05.h; sourceTree = "<group>"; };
		EBF7D6361C24C6C300E7ED0F /* RockyMountainTile05.m */ = {isa = PBXFileReference; fileEncoding = 4; lastKnownFileType = sourcecode.c.objc; path = RockyMountainTile05.m; sourceTree = "<group>"; };
		EBF7D6381C24C75F00E7ED0F /* SnowyMountainTile06.h */ = {isa = PBXFileReference; fileEncoding = 4; lastKnownFileType = sourcecode.c.h; path = SnowyMountainTile06.h; sourceTree = "<group>"; };
		EBF7D6391C24C75F00E7ED0F /* SnowyMountainTile06.m */ = {isa = PBXFileReference; fileEncoding = 4; lastKnownFileType = sourcecode.c.objc; path = SnowyMountainTile06.m; sourceTree = "<group>"; };
		EBF7D63D1C27059300E7ED0F /* MobSpriteNode.h */ = {isa = PBXFileReference; fileEncoding = 4; lastKnownFileType = sourcecode.c.h; path = MobSpriteNode.h; sourceTree = "<group>"; };
		EBF7D63E1C27059300E7ED0F /* MobSpriteNode.m */ = {isa = PBXFileReference; fileEncoding = 4; lastKnownFileType = sourcecode.c.objc; path = MobSpriteNode.m; sourceTree = "<group>"; };
		EBF7D6441C2DD27800E7ED0F /* NCBodyComponent.h */ = {isa = PBXFileReference; fileEncoding = 4; lastKnownFileType = sourcecode.c.h; path = NCBodyComponent.h; sourceTree = "<group>"; };
		EBF7D6451C2DD27800E7ED0F /* NCBodyComponent.m */ = {isa = PBXFileReference; fileEncoding = 4; lastKnownFileType = sourcecode.c.objc; path = NCBodyComponent.m; sourceTree = "<group>"; };
		EBF7D6471C2DD7E000E7ED0F /* NCMovementDirection.h */ = {isa = PBXFileReference; lastKnownFileType = sourcecode.c.h; path = NCMovementDirection.h; sourceTree = "<group>"; };
		EBF7D6481C2ECAB200E7ED0F /* NCActorEntity.h */ = {isa = PBXFileReference; fileEncoding = 4; lastKnownFileType = sourcecode.c.h; path = NCActorEntity.h; sourceTree = "<group>"; };
		EBF7D6491C2ECAB200E7ED0F /* NCActorEntity.m */ = {isa = PBXFileReference; fileEncoding = 4; lastKnownFileType = sourcecode.c.objc; path = NCActorEntity.m; sourceTree = "<group>"; };
		EBF7D64B1C2ED74300E7ED0F /* NCTorchComponent.h */ = {isa = PBXFileReference; fileEncoding = 4; lastKnownFileType = sourcecode.c.h; path = NCTorchComponent.h; sourceTree = "<group>"; };
		EBF7D64C1C2ED74300E7ED0F /* NCTorchComponent.m */ = {isa = PBXFileReference; fileEncoding = 4; lastKnownFileType = sourcecode.c.objc; path = NCTorchComponent.m; sourceTree = "<group>"; };
		EBF7D6511C2EE54800E7ED0F /* NCPlayerBrainComponent.h */ = {isa = PBXFileReference; fileEncoding = 4; lastKnownFileType = sourcecode.c.h; path = NCPlayerBrainComponent.h; sourceTree = "<group>"; };
		EBF7D6521C2EE54800E7ED0F /* NCPlayerBrainComponent.m */ = {isa = PBXFileReference; fileEncoding = 4; lastKnownFileType = sourcecode.c.objc; path = NCPlayerBrainComponent.m; sourceTree = "<group>"; };
		EBF7D6541C3001DB00E7ED0F /* NCMobBrainComponent.h */ = {isa = PBXFileReference; fileEncoding = 4; lastKnownFileType = sourcecode.c.h; path = NCMobBrainComponent.h; sourceTree = "<group>"; };
		EBF7D6551C3001DB00E7ED0F /* NCMobBrainComponent.m */ = {isa = PBXFileReference; fileEncoding = 4; lastKnownFileType = sourcecode.c.objc; path = NCMobBrainComponent.m; sourceTree = "<group>"; };
/* End PBXFileReference section */

/* Begin PBXFrameworksBuildPhase section */
		EB20BEB81C0E3A9500A63ED3 /* Frameworks */ = {
			isa = PBXFrameworksBuildPhase;
			buildActionMask = 2147483647;
			files = (
			);
			runOnlyForDeploymentPostprocessing = 0;
		};
		EB20BED01C0E3A9500A63ED3 /* Frameworks */ = {
			isa = PBXFrameworksBuildPhase;
			buildActionMask = 2147483647;
			files = (
			);
			runOnlyForDeploymentPostprocessing = 0;
		};
		EB20BEDB1C0E3A9500A63ED3 /* Frameworks */ = {
			isa = PBXFrameworksBuildPhase;
			buildActionMask = 2147483647;
			files = (
			);
			runOnlyForDeploymentPostprocessing = 0;
		};
/* End PBXFrameworksBuildPhase section */

/* Begin PBXGroup section */
		EB20BEB21C0E3A9500A63ED3 = {
			isa = PBXGroup;
			children = (
				EB20BEBD1C0E3A9500A63ED3 /* Devember2015 */,
				EB20BED61C0E3A9500A63ED3 /* Devember2015Tests */,
				EB20BEE11C0E3A9600A63ED3 /* Devember2015UITests */,
				EB20BEBC1C0E3A9500A63ED3 /* Products */,
			);
			sourceTree = "<group>";
		};
		EB20BEBC1C0E3A9500A63ED3 /* Products */ = {
			isa = PBXGroup;
			children = (
				EB20BEBB1C0E3A9500A63ED3 /* Devember2015.app */,
				EB20BED31C0E3A9500A63ED3 /* Devember2015Tests.xctest */,
				EB20BEDE1C0E3A9500A63ED3 /* Devember2015UITests.xctest */,
			);
			name = Products;
			sourceTree = "<group>";
		};
		EB20BEBD1C0E3A9500A63ED3 /* Devember2015 */ = {
			isa = PBXGroup;
			children = (
				EB20BEBE1C0E3A9500A63ED3 /* AppDelegate.h */,
				EB20BEBF1C0E3A9500A63ED3 /* AppDelegate.m */,
				EB20BEC41C0E3A9500A63ED3 /* GameScene.h */,
				EB20BEC51C0E3A9500A63ED3 /* GameScene.m */,
				EB20BEC71C0E3A9500A63ED3 /* GameScene.sks */,
				EB4A0B491C12512E00D5C043 /* Assets.xcassets */,
				EB20BECB1C0E3A9500A63ED3 /* MainMenu.xib */,
				EB20BECE1C0E3A9500A63ED3 /* Info.plist */,
				EB20BEC11C0E3A9500A63ED3 /* Supporting Files */,
				EBF7D6471C2DD7E000E7ED0F /* NCMovementDirection.h */,
				EB4A0B521C17850000D5C043 /* IsoTile.h */,
				EB4A0B531C17850000D5C043 /* IsoTile.m */,
				EBF7D62B1C24C50B00E7ED0F /* Tiles.h */,
				EBF7D6241C24C25F00E7ED0F /* Tiles */,
				EB4A0B4B1C147AB700D5C043 /* IsoTileNode.h */,
				EB4A0B4C1C147AB700D5C043 /* IsoTileNode.m */,
				EB20BEF31C0E437A00A63ED3 /* IsoTileMap.h */,
				EB20BEF41C0E437A00A63ED3 /* IsoTileMap.m */,
				EB17AED21C25B9E0001B46EA /* NCSpriteNode.h */,
				EB17AED31C25B9E0001B46EA /* NCSpriteNode.m */,
				EBF7D6401C2DCD0C00E7ED0F /* Components */,
				EB41A71E1C2B138B00E0A2FE /* Actors.h */,
				EB41A71A1C2B11FA00E0A2FE /* Actors */,
				EBF7D61B1C1F6AA600E7ED0F /* NCPriorityQueue.h */,
				EBF7D61C1C1F6AA600E7ED0F /* NCPriorityQueue.m */,
				EBF7D61E1C20BEF700E7ED0F /* NCGraphNode.h */,
				EBF7D6151C1DE56300E7ED0F /* NCPathFinder.h */,
				EBF7D6161C1DE56300E7ED0F /* NCPathFinder.m */,
				EBF7D6211C2214E300E7ED0F /* NCPerlinNoise.h */,
				EBF7D6221C2214E300E7ED0F /* NCPerlinNoise.m */,
				EB41A7221C2B1DFA00E0A2FE /* NCConsoleNode.h */,
				EB41A7231C2B1DFA00E0A2FE /* NCConsoleNode.m */,
				EB41A71F1C2B199800E0A2FE /* NCConsoleLineNode.h */,
				EB41A7201C2B199800E0A2FE /* NCConsoleLineNode.m */,
			);
			path = Devember2015;
			sourceTree = "<group>";
		};
		EB20BEC11C0E3A9500A63ED3 /* Supporting Files */ = {
			isa = PBXGroup;
			children = (
				EB20BEC21C0E3A9500A63ED3 /* main.m */,
			);
			name = "Supporting Files";
			sourceTree = "<group>";
		};
		EB20BED61C0E3A9500A63ED3 /* Devember2015Tests */ = {
			isa = PBXGroup;
			children = (
				EB20BED71C0E3A9500A63ED3 /* Devember2015Tests.m */,
				EB20BED91C0E3A9500A63ED3 /* Info.plist */,
			);
			path = Devember2015Tests;
			sourceTree = "<group>";
		};
		EB20BEE11C0E3A9600A63ED3 /* Devember2015UITests */ = {
			isa = PBXGroup;
			children = (
				EB20BEE21C0E3A9600A63ED3 /* Devember2015UITests.m */,
				EB20BEE41C0E3A9600A63ED3 /* Info.plist */,
			);
			path = Devember2015UITests;
			sourceTree = "<group>";
		};
		EB41A71A1C2B11FA00E0A2FE /* Actors */ = {
			isa = PBXGroup;
			children = (
				EB4A0B4E1C1626F200D5C043 /* ActorSpriteNode.h */,
				EB4A0B4F1C1626F200D5C043 /* ActorSpriteNode.m */,
				EBF7D63D1C27059300E7ED0F /* MobSpriteNode.h */,
				EBF7D63E1C27059300E7ED0F /* MobSpriteNode.m */,
				EBF7D6481C2ECAB200E7ED0F /* NCActorEntity.h */,
				EBF7D6491C2ECAB200E7ED0F /* NCActorEntity.m */,
			);
			name = Actors;
			sourceTree = "<group>";
		};
		EBF7D6241C24C25F00E7ED0F /* Tiles */ = {
			isa = PBXGroup;
			children = (
				EBF7D6251C24C29300E7ED0F /* WaterTile00.h */,
				EBF7D6261C24C29300E7ED0F /* WaterTile00.m */,
				EBF7D6281C24C40900E7ED0F /* SandTile01.h */,
				EBF7D6291C24C40900E7ED0F /* SandTile01.m */,
				EBF7D62C1C24C55900E7ED0F /* GrassTile02.h */,
				EBF7D62D1C24C55900E7ED0F /* GrassTile02.m */,
				EBF7D62F1C24C5F600E7ED0F /* GrassTile03.h */,
				EBF7D6301C24C5F600E7ED0F /* GrassTile03.m */,
				EBF7D6321C24C63800E7ED0F /* GrassyMountainTile04.h */,
				EBF7D6331C24C63800E7ED0F /* GrassyMountainTile04.m */,
				EBF7D6351C24C6C300E7ED0F /* RockyMountainTile05.h */,
				EBF7D6361C24C6C300E7ED0F /* RockyMountainTile05.m */,
				EBF7D6381C24C75F00E7ED0F /* SnowyMountainTile06.h */,
				EBF7D6391C24C75F00E7ED0F /* SnowyMountainTile06.m */,
			);
			name = Tiles;
			sourceTree = "<group>";
		};
		EBF7D6401C2DCD0C00E7ED0F /* Components */ = {
			isa = PBXGroup;
			children = (
				EBF7D6441C2DD27800E7ED0F /* NCBodyComponent.h */,
				EBF7D6451C2DD27800E7ED0F /* NCBodyComponent.m */,
				EBF7D64B1C2ED74300E7ED0F /* NCTorchComponent.h */,
				EBF7D64C1C2ED74300E7ED0F /* NCTorchComponent.m */,
				EBF7D6511C2EE54800E7ED0F /* NCPlayerBrainComponent.h */,
				EBF7D6521C2EE54800E7ED0F /* NCPlayerBrainComponent.m */,
				EBF7D6541C3001DB00E7ED0F /* NCMobBrainComponent.h */,
				EBF7D6551C3001DB00E7ED0F /* NCMobBrainComponent.m */,
			);
			name = Components;
			sourceTree = "<group>";
		};
/* End PBXGroup section */

/* Begin PBXNativeTarget section */
		EB20BEBA1C0E3A9500A63ED3 /* Devember2015 */ = {
			isa = PBXNativeTarget;
			buildConfigurationList = EB20BEE71C0E3A9600A63ED3 /* Build configuration list for PBXNativeTarget "Devember2015" */;
			buildPhases = (
				EB20BEB71C0E3A9500A63ED3 /* Sources */,
				EB20BEB81C0E3A9500A63ED3 /* Frameworks */,
				EB20BEB91C0E3A9500A63ED3 /* Resources */,
			);
			buildRules = (
			);
			dependencies = (
			);
			name = Devember2015;
			productName = Devember2015;
			productReference = EB20BEBB1C0E3A9500A63ED3 /* Devember2015.app */;
			productType = "com.apple.product-type.application";
		};
		EB20BED21C0E3A9500A63ED3 /* Devember2015Tests */ = {
			isa = PBXNativeTarget;
			buildConfigurationList = EB20BEEA1C0E3A9600A63ED3 /* Build configuration list for PBXNativeTarget "Devember2015Tests" */;
			buildPhases = (
				EB20BECF1C0E3A9500A63ED3 /* Sources */,
				EB20BED01C0E3A9500A63ED3 /* Frameworks */,
				EB20BED11C0E3A9500A63ED3 /* Resources */,
			);
			buildRules = (
			);
			dependencies = (
				EB20BED51C0E3A9500A63ED3 /* PBXTargetDependency */,
			);
			name = Devember2015Tests;
			productName = Devember2015Tests;
			productReference = EB20BED31C0E3A9500A63ED3 /* Devember2015Tests.xctest */;
			productType = "com.apple.product-type.bundle.unit-test";
		};
		EB20BEDD1C0E3A9500A63ED3 /* Devember2015UITests */ = {
			isa = PBXNativeTarget;
			buildConfigurationList = EB20BEED1C0E3A9600A63ED3 /* Build configuration list for PBXNativeTarget "Devember2015UITests" */;
			buildPhases = (
				EB20BEDA1C0E3A9500A63ED3 /* Sources */,
				EB20BEDB1C0E3A9500A63ED3 /* Frameworks */,
				EB20BEDC1C0E3A9500A63ED3 /* Resources */,
			);
			buildRules = (
			);
			dependencies = (
				EB20BEE01C0E3A9500A63ED3 /* PBXTargetDependency */,
			);
			name = Devember2015UITests;
			productName = Devember2015UITests;
			productReference = EB20BEDE1C0E3A9500A63ED3 /* Devember2015UITests.xctest */;
			productType = "com.apple.product-type.bundle.ui-testing";
		};
/* End PBXNativeTarget section */

/* Begin PBXProject section */
		EB20BEB31C0E3A9500A63ED3 /* Project object */ = {
			isa = PBXProject;
			attributes = {
				LastUpgradeCheck = 0710;
				ORGANIZATIONNAME = "Calle Englund";
				TargetAttributes = {
					EB20BEBA1C0E3A9500A63ED3 = {
						CreatedOnToolsVersion = 7.1.1;
						DevelopmentTeam = J33D8ZT4XT;
					};
					EB20BED21C0E3A9500A63ED3 = {
						CreatedOnToolsVersion = 7.1.1;
						TestTargetID = EB20BEBA1C0E3A9500A63ED3;
					};
					EB20BEDD1C0E3A9500A63ED3 = {
						CreatedOnToolsVersion = 7.1.1;
						TestTargetID = EB20BEBA1C0E3A9500A63ED3;
					};
				};
			};
			buildConfigurationList = EB20BEB61C0E3A9500A63ED3 /* Build configuration list for PBXProject "Devember2015" */;
			compatibilityVersion = "Xcode 6.3";
			developmentRegion = English;
			hasScannedForEncodings = 0;
			knownRegions = (
				en,
				Base,
			);
			mainGroup = EB20BEB21C0E3A9500A63ED3;
			productRefGroup = EB20BEBC1C0E3A9500A63ED3 /* Products */;
			projectDirPath = "";
			projectRoot = "";
			targets = (
				EB20BEBA1C0E3A9500A63ED3 /* Devember2015 */,
				EB20BED21C0E3A9500A63ED3 /* Devember2015Tests */,
				EB20BEDD1C0E3A9500A63ED3 /* Devember2015UITests */,
			);
		};
/* End PBXProject section */

/* Begin PBXResourcesBuildPhase section */
		EB20BEB91C0E3A9500A63ED3 /* Resources */ = {
			isa = PBXResourcesBuildPhase;
			buildActionMask = 2147483647;
			files = (
				EB20BEC81C0E3A9500A63ED3 /* GameScene.sks in Resources */,
				EB4A0B4A1C12512E00D5C043 /* Assets.xcassets in Resources */,
				EB20BECD1C0E3A9500A63ED3 /* MainMenu.xib in Resources */,
			);
			runOnlyForDeploymentPostprocessing = 0;
		};
		EB20BED11C0E3A9500A63ED3 /* Resources */ = {
			isa = PBXResourcesBuildPhase;
			buildActionMask = 2147483647;
			files = (
			);
			runOnlyForDeploymentPostprocessing = 0;
		};
		EB20BEDC1C0E3A9500A63ED3 /* Resources */ = {
			isa = PBXResourcesBuildPhase;
			buildActionMask = 2147483647;
			files = (
			);
			runOnlyForDeploymentPostprocessing = 0;
		};
/* End PBXResourcesBuildPhase section */

/* Begin PBXSourcesBuildPhase section */
		EB20BEB71C0E3A9500A63ED3 /* Sources */ = {
			isa = PBXSourcesBuildPhase;
			buildActionMask = 2147483647;
			files = (
				EBF7D6531C2EE54800E7ED0F /* NCPlayerBrainComponent.m in Sources */,
				EBF7D62E1C24C55900E7ED0F /* GrassTile02.m in Sources */,
				EBF7D61D1C1F6AA600E7ED0F /* NCPriorityQueue.m in Sources */,
				EBF7D6271C24C29300E7ED0F /* WaterTile00.m in Sources */,
				EBF7D6561C3001DB00E7ED0F /* NCMobBrainComponent.m in Sources */,
				EBF7D6371C24C6C300E7ED0F /* RockyMountainTile05.m in Sources */,
				EBF7D6311C24C5F600E7ED0F /* GrassTile03.m in Sources */,
				EB20BEC31C0E3A9500A63ED3 /* main.m in Sources */,
				EBF7D6171C1DE56300E7ED0F /* NCPathFinder.m in Sources */,
				EBF7D62A1C24C40900E7ED0F /* SandTile01.m in Sources */,
				EBF7D6341C24C63800E7ED0F /* GrassyMountainTile04.m in Sources */,
				EB41A7211C2B199800E0A2FE /* NCConsoleLineNode.m in Sources */,
				EBF7D64A1C2ECAB200E7ED0F /* NCActorEntity.m in Sources */,
				EBF7D6461C2DD27800E7ED0F /* NCBodyComponent.m in Sources */,
				EBF7D6231C2214E300E7ED0F /* NCPerlinNoise.m in Sources */,
				EB17AED41C25B9E0001B46EA /* NCSpriteNode.m in Sources */,
				EB20BEC61C0E3A9500A63ED3 /* GameScene.m in Sources */,
				EB20BEF51C0E437A00A63ED3 /* IsoTileMap.m in Sources */,
				EBF7D63F1C27059300E7ED0F /* MobSpriteNode.m in Sources */,
				EB4A0B4D1C147AB700D5C043 /* IsoTileNode.m in Sources */,
				EB4A0B501C1626F200D5C043 /* ActorSpriteNode.m in Sources */,
				EB4A0B541C17850000D5C043 /* IsoTile.m in Sources */,
				EBF7D64D1C2ED74300E7ED0F /* NCTorchComponent.m in Sources */,
				EB41A7241C2B1DFA00E0A2FE /* NCConsoleNode.m in Sources */,
				EBF7D63A1C24C75F00E7ED0F /* SnowyMountainTile06.m in Sources */,
				EB20BEC01C0E3A9500A63ED3 /* AppDelegate.m in Sources */,
			);
			runOnlyForDeploymentPostprocessing = 0;
		};
		EB20BECF1C0E3A9500A63ED3 /* Sources */ = {
			isa = PBXSourcesBuildPhase;
			buildActionMask = 2147483647;
			files = (
				EB20BED81C0E3A9500A63ED3 /* Devember2015Tests.m in Sources */,
			);
			runOnlyForDeploymentPostprocessing = 0;
		};
		EB20BEDA1C0E3A9500A63ED3 /* Sources */ = {
			isa = PBXSourcesBuildPhase;
			buildActionMask = 2147483647;
			files = (
				EB20BEE31C0E3A9600A63ED3 /* Devember2015UITests.m in Sources */,
			);
			runOnlyForDeploymentPostprocessing = 0;
		};
/* End PBXSourcesBuildPhase section */

/* Begin PBXTargetDependency section */
		EB20BED51C0E3A9500A63ED3 /* PBXTargetDependency */ = {
			isa = PBXTargetDependency;
			target = EB20BEBA1C0E3A9500A63ED3 /* Devember2015 */;
			targetProxy = EB20BED41C0E3A9500A63ED3 /* PBXContainerItemProxy */;
		};
		EB20BEE01C0E3A9500A63ED3 /* PBXTargetDependency */ = {
			isa = PBXTargetDependency;
			target = EB20BEBA1C0E3A9500A63ED3 /* Devember2015 */;
			targetProxy = EB20BEDF1C0E3A9500A63ED3 /* PBXContainerItemProxy */;
		};
/* End PBXTargetDependency section */

/* Begin PBXVariantGroup section */
		EB20BECB1C0E3A9500A63ED3 /* MainMenu.xib */ = {
			isa = PBXVariantGroup;
			children = (
				EB20BECC1C0E3A9500A63ED3 /* Base */,
			);
			name = MainMenu.xib;
			sourceTree = "<group>";
		};
/* End PBXVariantGroup section */

/* Begin XCBuildConfiguration section */
		EB20BEE51C0E3A9600A63ED3 /* Debug */ = {
			isa = XCBuildConfiguration;
			buildSettings = {
				ALWAYS_SEARCH_USER_PATHS = NO;
				CLANG_CXX_LANGUAGE_STANDARD = "gnu++0x";
				CLANG_CXX_LIBRARY = "libc++";
				CLANG_ENABLE_MODULES = YES;
				CLANG_ENABLE_OBJC_ARC = YES;
				CLANG_WARN_BOOL_CONVERSION = YES;
				CLANG_WARN_CONSTANT_CONVERSION = YES;
				CLANG_WARN_DIRECT_OBJC_ISA_USAGE = YES_ERROR;
				CLANG_WARN_EMPTY_BODY = YES;
				CLANG_WARN_ENUM_CONVERSION = YES;
				CLANG_WARN_INT_CONVERSION = YES;
				CLANG_WARN_OBJC_ROOT_CLASS = YES_ERROR;
				CLANG_WARN_UNREACHABLE_CODE = YES;
				CLANG_WARN__DUPLICATE_METHOD_MATCH = YES;
				CODE_SIGN_IDENTITY = "-";
				COPY_PHASE_STRIP = NO;
				DEBUG_INFORMATION_FORMAT = "dwarf-with-dsym";
				ENABLE_STRICT_OBJC_MSGSEND = YES;
				ENABLE_TESTABILITY = YES;
				GCC_C_LANGUAGE_STANDARD = gnu99;
				GCC_DYNAMIC_NO_PIC = NO;
				GCC_NO_COMMON_BLOCKS = YES;
				GCC_OPTIMIZATION_LEVEL = 0;
				GCC_PREPROCESSOR_DEFINITIONS = (
					"DEBUG=1",
					"$(inherited)",
				);
				GCC_WARN_64_TO_32_BIT_CONVERSION = YES;
				GCC_WARN_ABOUT_RETURN_TYPE = YES_ERROR;
				GCC_WARN_UNDECLARED_SELECTOR = YES;
				GCC_WARN_UNINITIALIZED_AUTOS = YES_AGGRESSIVE;
				GCC_WARN_UNUSED_FUNCTION = YES;
				GCC_WARN_UNUSED_VARIABLE = YES;
				MACOSX_DEPLOYMENT_TARGET = 10.11;
				MTL_ENABLE_DEBUG_INFO = YES;
				ONLY_ACTIVE_ARCH = YES;
				SDKROOT = macosx;
			};
			name = Debug;
		};
		EB20BEE61C0E3A9600A63ED3 /* Release */ = {
			isa = XCBuildConfiguration;
			buildSettings = {
				ALWAYS_SEARCH_USER_PATHS = NO;
				CLANG_CXX_LANGUAGE_STANDARD = "gnu++0x";
				CLANG_CXX_LIBRARY = "libc++";
				CLANG_ENABLE_MODULES = YES;
				CLANG_ENABLE_OBJC_ARC = YES;
				CLANG_WARN_BOOL_CONVERSION = YES;
				CLANG_WARN_CONSTANT_CONVERSION = YES;
				CLANG_WARN_DIRECT_OBJC_ISA_USAGE = YES_ERROR;
				CLANG_WARN_EMPTY_BODY = YES;
				CLANG_WARN_ENUM_CONVERSION = YES;
				CLANG_WARN_INT_CONVERSION = YES;
				CLANG_WARN_OBJC_ROOT_CLASS = YES_ERROR;
				CLANG_WARN_UNREACHABLE_CODE = YES;
				CLANG_WARN__DUPLICATE_METHOD_MATCH = YES;
				CODE_SIGN_IDENTITY = "-";
				COPY_PHASE_STRIP = NO;
				DEBUG_INFORMATION_FORMAT = "dwarf-with-dsym";
				ENABLE_NS_ASSERTIONS = NO;
				ENABLE_STRICT_OBJC_MSGSEND = YES;
				GCC_C_LANGUAGE_STANDARD = gnu99;
				GCC_NO_COMMON_BLOCKS = YES;
				GCC_WARN_64_TO_32_BIT_CONVERSION = YES;
				GCC_WARN_ABOUT_RETURN_TYPE = YES_ERROR;
				GCC_WARN_UNDECLARED_SELECTOR = YES;
				GCC_WARN_UNINITIALIZED_AUTOS = YES_AGGRESSIVE;
				GCC_WARN_UNUSED_FUNCTION = YES;
				GCC_WARN_UNUSED_VARIABLE = YES;
				MACOSX_DEPLOYMENT_TARGET = 10.11;
				MTL_ENABLE_DEBUG_INFO = NO;
				SDKROOT = macosx;
			};
			name = Release;
		};
		EB20BEE81C0E3A9600A63ED3 /* Debug */ = {
			isa = XCBuildConfiguration;
			buildSettings = {
				ASSETCATALOG_COMPILER_APPICON_NAME = AppIcon;
				COMBINE_HIDPI_IMAGES = YES;
				CURRENT_PROJECT_VERSION = 61;
				INFOPLIST_FILE = Devember2015/Info.plist;
				LD_RUNPATH_SEARCH_PATHS = "$(inherited) @executable_path/../Frameworks";
				PRODUCT_BUNDLE_IDENTIFIER = se.bofh.discord.Devember2015;
				PRODUCT_NAME = "$(TARGET_NAME)";
				VERSIONING_SYSTEM = "apple-generic";
			};
			name = Debug;
		};
		EB20BEE91C0E3A9600A63ED3 /* Release */ = {
			isa = XCBuildConfiguration;
			buildSettings = {
				ASSETCATALOG_COMPILER_APPICON_NAME = AppIcon;
				COMBINE_HIDPI_IMAGES = YES;
				CURRENT_PROJECT_VERSION = 61;
				INFOPLIST_FILE = Devember2015/Info.plist;
				LD_RUNPATH_SEARCH_PATHS = "$(inherited) @executable_path/../Frameworks";
				PRODUCT_BUNDLE_IDENTIFIER = se.bofh.discord.Devember2015;
				PRODUCT_NAME = "$(TARGET_NAME)";
				VERSIONING_SYSTEM = "apple-generic";
			};
			name = Release;
		};
		EB20BEEB1C0E3A9600A63ED3 /* Debug */ = {
			isa = XCBuildConfiguration;
			buildSettings = {
				BUNDLE_LOADER = "$(TEST_HOST)";
				COMBINE_HIDPI_IMAGES = YES;
				DEBUG_INFORMATION_FORMAT = dwarf;
				INFOPLIST_FILE = Devember2015Tests/Info.plist;
				LD_RUNPATH_SEARCH_PATHS = "$(inherited) @executable_path/../Frameworks @loader_path/../Frameworks";
				PRODUCT_BUNDLE_IDENTIFIER = se.bofh.discord.Devember2015Tests;
				PRODUCT_NAME = "$(TARGET_NAME)";
				TEST_HOST = "$(BUILT_PRODUCTS_DIR)/Devember2015.app/Contents/MacOS/Devember2015";
			};
			name = Debug;
		};
		EB20BEEC1C0E3A9600A63ED3 /* Release */ = {
			isa = XCBuildConfiguration;
			buildSettings = {
				BUNDLE_LOADER = "$(TEST_HOST)";
				COMBINE_HIDPI_IMAGES = YES;
				INFOPLIST_FILE = Devember2015Tests/Info.plist;
				LD_RUNPATH_SEARCH_PATHS = "$(inherited) @executable_path/../Frameworks @loader_path/../Frameworks";
				PRODUCT_BUNDLE_IDENTIFIER = se.bofh.discord.Devember2015Tests;
				PRODUCT_NAME = "$(TARGET_NAME)";
				TEST_HOST = "$(BUILT_PRODUCTS_DIR)/Devember2015.app/Contents/MacOS/Devember2015";
			};
			name = Release;
		};
		EB20BEEE1C0E3A9600A63ED3 /* Debug */ = {
			isa = XCBuildConfiguration;
			buildSettings = {
				COMBINE_HIDPI_IMAGES = YES;
				DEBUG_INFORMATION_FORMAT = dwarf;
				INFOPLIST_FILE = Devember2015UITests/Info.plist;
				LD_RUNPATH_SEARCH_PATHS = "$(inherited) @executable_path/../Frameworks @loader_path/../Frameworks";
				PRODUCT_BUNDLE_IDENTIFIER = se.bofh.discord.Devember2015UITests;
				PRODUCT_NAME = "$(TARGET_NAME)";
				TEST_TARGET_NAME = Devember2015;
				USES_XCTRUNNER = YES;
			};
			name = Debug;
		};
		EB20BEEF1C0E3A9600A63ED3 /* Release */ = {
			isa = XCBuildConfiguration;
			buildSettings = {
				COMBINE_HIDPI_IMAGES = YES;
				INFOPLIST_FILE = Devember2015UITests/Info.plist;
				LD_RUNPATH_SEARCH_PATHS = "$(inherited) @executable_path/../Frameworks @loader_path/../Frameworks";
				PRODUCT_BUNDLE_IDENTIFIER = se.bofh.discord.Devember2015UITests;
				PRODUCT_NAME = "$(TARGET_NAME)";
				TEST_TARGET_NAME = Devember2015;
				USES_XCTRUNNER = YES;
			};
			name = Release;
		};
/* End XCBuildConfiguration section */

/* Begin XCConfigurationList section */
		EB20BEB61C0E3A9500A63ED3 /* Build configuration list for PBXProject "Devember2015" */ = {
			isa = XCConfigurationList;
			buildConfigurations = (
				EB20BEE51C0E3A9600A63ED3 /* Debug */,
				EB20BEE61C0E3A9600A63ED3 /* Release */,
			);
			defaultConfigurationIsVisible = 0;
			defaultConfigurationName = Release;
		};
		EB20BEE71C0E3A9600A63ED3 /* Build configuration list for PBXNativeTarget "Devember2015" */ = {
			isa = XCConfigurationList;
			buildConfigurations = (
				EB20BEE81C0E3A9600A63ED3 /* Debug */,
				EB20BEE91C0E3A9600A63ED3 /* Release */,
			);
			defaultConfigurationIsVisible = 0;
			defaultConfigurationName = Release;
		};
		EB20BEEA1C0E3A9600A63ED3 /* Build configuration list for PBXNativeTarget "Devember2015Tests" */ = {
			isa = XCConfigurationList;
			buildConfigurations = (
				EB20BEEB1C0E3A9600A63ED3 /* Debug */,
				EB20BEEC1C0E3A9600A63ED3 /* Release */,
			);
			defaultConfigurationIsVisible = 0;
			defaultConfigurationName = Release;
		};
		EB20BEED1C0E3A9600A63ED3 /* Build configuration list for PBXNativeTarget "Devember2015UITests" */ = {
			isa = XCConfigurationList;
			buildConfigurations = (
				EB20BEEE1C0E3A9600A63ED3 /* Debug */,
				EB20BEEF1C0E3A9600A63ED3 /* Release */,
			);
			defaultConfigurationIsVisible = 0;
			defaultConfigurationName = Release;
		};
/* End XCConfigurationList section */
	};
	rootObject = EB20BEB31C0E3A9500A63ED3 /* Project object */;
}
